
Microsoft Visual Studio Solution File, Format Version 12.00
# Visual Studio Version 17
VisualStudioVersion = 17.14.36121.58 d17.14
MinimumVisualStudioVersion = 10.0.40219.1
Project("{FAE04EC0-301F-11D3-BF4B-00C04F79EFBC}") = "ARK.Core.Api", "ARK.Core.Api\ARK.Core.Api.csproj", "{F4009E63-B9E8-4322-977D-FD051F2D1E9C}"
EndProject
Project("{FAE04EC0-301F-11D3-BF4B-00C04F79EFBC}") = "ARK.Core.Api.Tests.Units", "ARK.Core.Api.Tests.Units\ARK.Core.Api.Tests.Units.csproj", "{E2C7F3F4-F731-4608-AFA6-DFC365959F15}"
EndProject
Global
	GlobalSection(SolutionConfigurationPlatforms) = preSolution
		Debug|Any CPU = Debug|Any CPU
		Release|Any CPU = Release|Any CPU
	EndGlobalSection
	GlobalSection(ProjectConfigurationPlatforms) = postSolution
		{F4009E63-B9E8-4322-977D-FD051F2D1E9C}.Debug|Any CPU.ActiveCfg = Debug|Any CPU
		{F4009E63-B9E8-4322-977D-FD051F2D1E9C}.Debug|Any CPU.Build.0 = Debug|Any CPU
		{F4009E63-B9E8-4322-977D-FD051F2D1E9C}.Release|Any CPU.ActiveCfg = Release|Any CPU
		{F4009E63-B9E8-4322-977D-FD051F2D1E9C}.Release|Any CPU.Build.0 = Release|Any CPU
		{E2C7F3F4-F731-4608-AFA6-DFC365959F15}.Debug|Any CPU.ActiveCfg = Debug|Any CPU
		{E2C7F3F4-F731-4608-AFA6-DFC365959F15}.Debug|Any CPU.Build.0 = Debug|Any CPU
		{E2C7F3F4-F731-4608-AFA6-DFC365959F15}.Release|Any CPU.ActiveCfg = Release|Any CPU
		{E2C7F3F4-F731-4608-AFA6-DFC365959F15}.Release|Any CPU.Build.0 = Release|Any CPU
	EndGlobalSection
	GlobalSection(SolutionProperties) = preSolution
		HideSolutionNode = FALSE
	EndGlobalSection
	GlobalSection(ExtensibilityGlobals) = postSolution
		SolutionGuid = {FB4E5F57-739C-4043-826E-D43DE57643B7}
	EndGlobalSection
EndGlobal
